github.com/ake-persson/cnv v0.0.0-20210720084139-744ba2b2c943 h1:MXpD2fxemEjjnJcQeNbp2VoDdoaqvZvkkoMInbWlaDM=
github.com/ake-persson/cnv v0.0.0-20210720084139-744ba2b2c943/go.mod h1:C89bxmAKT6JtkyNcKlxZtsMx7nt+fqjk5sGT8TtTpa4=
github.com/mickep76/cnv v0.0.0-20180508031647-2fcd9941f7a3/go.mod h1:zAkuficytlFZ18kZWg573BFMop7TUo+uHFTGX/41dMc=
